// !$*UTF8*$!
{
	archiveVersion = 1;
	classes = {
	};
	objectVersion = 77;
	objects = {

/* Begin PBXBuildFile section */
		191ED2FD2D0A836F0013EB41 /* README.md in Resources */ = {isa = PBXBuildFile; fileRef = 191ED2FC2D0A836F0013EB41 /* README.md */; };
		19E5E20D2D09D565000D1076 /* Pods_CryptoInfoMining.framework in Frameworks */ = {isa = PBXBuildFile; fileRef = 9BC56C4761357B9160A12760 /* Pods_CryptoInfoMining.framework */; };
		B7B5AA88DD4089A261091CB8 /* Pods_CryptoInfoMiningTests.framework in Frameworks */ = {isa = PBXBuildFile; fileRef = F652B38110BFBE0C0DFEC431 /* Pods_CryptoInfoMiningTests.framework */; };
		E844DACAB0A16D615EF1CFF0 /* Pods_CryptoInfoMining_CryptoInfoMiningUITests.framework in Frameworks */ = {isa = PBXBuildFile; fileRef = DC95A91AB9BC9A7AE1933EA8 /* Pods_CryptoInfoMining_CryptoInfoMiningUITests.framework */; };
/* End PBXBuildFile section */

/* Begin PBXContainerItemProxy section */
		195CDE712D04BE9C00F4E7B9 /* PBXContainerItemProxy */ = {
			isa = PBXContainerItemProxy;
			containerPortal = 195CDE4F2D04BE9B00F4E7B9 /* Project object */;
			proxyType = 1;
			remoteGlobalIDString = 195CDE562D04BE9B00F4E7B9;
			remoteInfo = CryptoInfoMining;
		};
		195CDE7B2D04BE9C00F4E7B9 /* PBXContainerItemProxy */ = {
			isa = PBXContainerItemProxy;
			containerPortal = 195CDE4F2D04BE9B00F4E7B9 /* Project object */;
			proxyType = 1;
			remoteGlobalIDString = 195CDE562D04BE9B00F4E7B9;
			remoteInfo = CryptoInfoMining;
		};
/* End PBXContainerItemProxy section */

/* Begin PBXFileReference section */
		191ED2FC2D0A836F0013EB41 /* README.md */ = {isa = PBXFileReference; lastKnownFileType = net.daringfireball.markdown; path = README.md; sourceTree = "<group>"; };
		195CDE572D04BE9B00F4E7B9 /* CryptoInfoMining.app */ = {isa = PBXFileReference; explicitFileType = wrapper.application; includeInIndex = 0; path = CryptoInfoMining.app; sourceTree = BUILT_PRODUCTS_DIR; };
		195CDE702D04BE9C00F4E7B9 /* CryptoInfoMiningTests.xctest */ = {isa = PBXFileReference; explicitFileType = wrapper.cfbundle; includeInIndex = 0; path = CryptoInfoMiningTests.xctest; sourceTree = BUILT_PRODUCTS_DIR; };
		195CDE7A2D04BE9C00F4E7B9 /* CryptoInfoMiningUITests.xctest */ = {isa = PBXFileReference; explicitFileType = wrapper.cfbundle; includeInIndex = 0; path = CryptoInfoMiningUITests.xctest; sourceTree = BUILT_PRODUCTS_DIR; };
		19E5E1E62D09D299000D1076 /* RxCocoaRuntime.xcframework */ = {isa = PBXFileReference; lastKnownFileType = wrapper.xcframework; path = RxCocoaRuntime.xcframework; sourceTree = "<group>"; };
		19E5E1EA2D09D2FE000D1076 /* Podfile */ = {isa = PBXFileReference; lastKnownFileType = text; path = Podfile; sourceTree = "<group>"; };
		41444B215298B8BACDD014AE /* Pods-CryptoInfoMining.debug.xcconfig */ = {isa = PBXFileReference; includeInIndex = 1; lastKnownFileType = text.xcconfig; name = "Pods-CryptoInfoMining.debug.xcconfig"; path = "Target Support Files/Pods-CryptoInfoMining/Pods-CryptoInfoMining.debug.xcconfig"; sourceTree = "<group>"; };
		48AFB23BC984531DBC9F8E11 /* Pods-CryptoInfoMining.release.xcconfig */ = {isa = PBXFileReference; includeInIndex = 1; lastKnownFileType = text.xcconfig; name = "Pods-CryptoInfoMining.release.xcconfig"; path = "Target Support Files/Pods-CryptoInfoMining/Pods-CryptoInfoMining.release.xcconfig"; sourceTree = "<group>"; };
		9BC56C4761357B9160A12760 /* Pods_CryptoInfoMining.framework */ = {isa = PBXFileReference; explicitFileType = wrapper.framework; includeInIndex = 0; path = Pods_CryptoInfoMining.framework; sourceTree = BUILT_PRODUCTS_DIR; };
		A139DEE84F0B08DF28373192 /* Pods-CryptoInfoMiningTests.debug.xcconfig */ = {isa = PBXFileReference; includeInIndex = 1; lastKnownFileType = text.xcconfig; name = "Pods-CryptoInfoMiningTests.debug.xcconfig"; path = "Target Support Files/Pods-CryptoInfoMiningTests/Pods-CryptoInfoMiningTests.debug.xcconfig"; sourceTree = "<group>"; };
		A80B1BA4F916828B3042C9D7 /* Pods-CryptoInfoMining-CryptoInfoMiningUITests.debug.xcconfig */ = {isa = PBXFileReference; includeInIndex = 1; lastKnownFileType = text.xcconfig; name = "Pods-CryptoInfoMining-CryptoInfoMiningUITests.debug.xcconfig"; path = "Target Support Files/Pods-CryptoInfoMining-CryptoInfoMiningUITests/Pods-CryptoInfoMining-CryptoInfoMiningUITests.debug.xcconfig"; sourceTree = "<group>"; };
		DC95A91AB9BC9A7AE1933EA8 /* Pods_CryptoInfoMining_CryptoInfoMiningUITests.framework */ = {isa = PBXFileReference; explicitFileType = wrapper.framework; includeInIndex = 0; path = Pods_CryptoInfoMining_CryptoInfoMiningUITests.framework; sourceTree = BUILT_PRODUCTS_DIR; };
		DFC5F953506367B2DFAE2021 /* Pods-CryptoInfoMiningTests.release.xcconfig */ = {isa = PBXFileReference; includeInIndex = 1; lastKnownFileType = text.xcconfig; name = "Pods-CryptoInfoMiningTests.release.xcconfig"; path = "Target Support Files/Pods-CryptoInfoMiningTests/Pods-CryptoInfoMiningTests.release.xcconfig"; sourceTree = "<group>"; };
		ED1AE4E7372B2D0084D0294F /* Pods-CryptoInfoMining-CryptoInfoMiningUITests.release.xcconfig */ = {isa = PBXFileReference; includeInIndex = 1; lastKnownFileType = text.xcconfig; name = "Pods-CryptoInfoMining-CryptoInfoMiningUITests.release.xcconfig"; path = "Target Support Files/Pods-CryptoInfoMining-CryptoInfoMiningUITests/Pods-CryptoInfoMining-CryptoInfoMiningUITests.release.xcconfig"; sourceTree = "<group>"; };
		F652B38110BFBE0C0DFEC431 /* Pods_CryptoInfoMiningTests.framework */ = {isa = PBXFileReference; explicitFileType = wrapper.framework; includeInIndex = 0; path = Pods_CryptoInfoMiningTests.framework; sourceTree = BUILT_PRODUCTS_DIR; };
/* End PBXFileReference section */

/* Begin PBXFileSystemSynchronizedBuildFileExceptionSet section */
		195CDE822D04BE9C00F4E7B9 /* Exceptions for "CryptoInfoMining" folder in "CryptoInfoMining" target */ = {
			isa = PBXFileSystemSynchronizedBuildFileExceptionSet;
			membershipExceptions = (
				Info.plist,
			);
			target = 195CDE562D04BE9B00F4E7B9 /* CryptoInfoMining */;
		};
/* End PBXFileSystemSynchronizedBuildFileExceptionSet section */

/* Begin PBXFileSystemSynchronizedRootGroup section */
		195CDE592D04BE9B00F4E7B9 /* CryptoInfoMining */ = {
			isa = PBXFileSystemSynchronizedRootGroup;
			exceptions = (
				195CDE822D04BE9C00F4E7B9 /* Exceptions for "CryptoInfoMining" folder in "CryptoInfoMining" target */,
			);
			path = CryptoInfoMining;
			sourceTree = "<group>";
		};
		195CDE732D04BE9C00F4E7B9 /* CryptoInfoMiningTests */ = {
			isa = PBXFileSystemSynchronizedRootGroup;
			path = CryptoInfoMiningTests;
			sourceTree = "<group>";
		};
		195CDE7D2D04BE9C00F4E7B9 /* CryptoInfoMiningUITests */ = {
			isa = PBXFileSystemSynchronizedRootGroup;
			path = CryptoInfoMiningUITests;
			sourceTree = "<group>";
		};
/* End PBXFileSystemSynchronizedRootGroup section */

/* Begin PBXFrameworksBuildPhase section */
		195CDE542D04BE9B00F4E7B9 /* Frameworks */ = {
			isa = PBXFrameworksBuildPhase;
			buildActionMask = 2147483647;
			files = (
				19E5E20D2D09D565000D1076 /* Pods_CryptoInfoMining.framework in Frameworks */,
			);
			runOnlyForDeploymentPostprocessing = 0;
		};
		195CDE6D2D04BE9C00F4E7B9 /* Frameworks */ = {
			isa = PBXFrameworksBuildPhase;
			buildActionMask = 2147483647;
			files = (
				B7B5AA88DD4089A261091CB8 /* Pods_CryptoInfoMiningTests.framework in Frameworks */,
			);
			runOnlyForDeploymentPostprocessing = 0;
		};
		195CDE772D04BE9C00F4E7B9 /* Frameworks */ = {
			isa = PBXFrameworksBuildPhase;
			buildActionMask = 2147483647;
			files = (
				E844DACAB0A16D615EF1CFF0 /* Pods_CryptoInfoMining_CryptoInfoMiningUITests.framework in Frameworks */,
			);
			runOnlyForDeploymentPostprocessing = 0;
		};
/* End PBXFrameworksBuildPhase section */

/* Begin PBXGroup section */
		195CDE4E2D04BE9B00F4E7B9 = {
			isa = PBXGroup;
			children = (
				195CDE592D04BE9B00F4E7B9 /* CryptoInfoMining */,
				195CDE732D04BE9C00F4E7B9 /* CryptoInfoMiningTests */,
				195CDE7D2D04BE9C00F4E7B9 /* CryptoInfoMiningUITests */,
				195CDE582D04BE9B00F4E7B9 /* Products */,
				65460D112D7612CCC63BABB4 /* Pods */,
				CA64CBC9AE357CD9A52DB92C /* Frameworks */,
				19E5E1EA2D09D2FE000D1076 /* Podfile */,
				191ED2FC2D0A836F0013EB41 /* README.md */,
			);
			indentWidth = 4;
			sourceTree = "<group>";
		};
		195CDE582D04BE9B00F4E7B9 /* Products */ = {
			isa = PBXGroup;
			children = (
				195CDE572D04BE9B00F4E7B9 /* CryptoInfoMining.app */,
				195CDE702D04BE9C00F4E7B9 /* CryptoInfoMiningTests.xctest */,
				195CDE7A2D04BE9C00F4E7B9 /* CryptoInfoMiningUITests.xctest */,
			);
			name = Products;
			sourceTree = "<group>";
		};
		65460D112D7612CCC63BABB4 /* Pods */ = {
			isa = PBXGroup;
			children = (
				41444B215298B8BACDD014AE /* Pods-CryptoInfoMining.debug.xcconfig */,
				48AFB23BC984531DBC9F8E11 /* Pods-CryptoInfoMining.release.xcconfig */,
				A80B1BA4F916828B3042C9D7 /* Pods-CryptoInfoMining-CryptoInfoMiningUITests.debug.xcconfig */,
				ED1AE4E7372B2D0084D0294F /* Pods-CryptoInfoMining-CryptoInfoMiningUITests.release.xcconfig */,
				A139DEE84F0B08DF28373192 /* Pods-CryptoInfoMiningTests.debug.xcconfig */,
				DFC5F953506367B2DFAE2021 /* Pods-CryptoInfoMiningTests.release.xcconfig */,
			);
			path = Pods;
			sourceTree = "<group>";
		};
		CA64CBC9AE357CD9A52DB92C /* Frameworks */ = {
			isa = PBXGroup;
			children = (
				19E5E1E62D09D299000D1076 /* RxCocoaRuntime.xcframework */,
				9BC56C4761357B9160A12760 /* Pods_CryptoInfoMining.framework */,
				DC95A91AB9BC9A7AE1933EA8 /* Pods_CryptoInfoMining_CryptoInfoMiningUITests.framework */,
				F652B38110BFBE0C0DFEC431 /* Pods_CryptoInfoMiningTests.framework */,
			);
			name = Frameworks;
			sourceTree = "<group>";
		};
/* End PBXGroup section */

/* Begin PBXNativeTarget section */
		195CDE562D04BE9B00F4E7B9 /* CryptoInfoMining */ = {
			isa = PBXNativeTarget;
			buildConfigurationList = 195CDE832D04BE9C00F4E7B9 /* Build configuration list for PBXNativeTarget "CryptoInfoMining" */;
			buildPhases = (
				3BA919C3C8B8A1BA96BB9DFF /* [CP] Check Pods Manifest.lock */,
				195CDE532D04BE9B00F4E7B9 /* Sources */,
				195CDE542D04BE9B00F4E7B9 /* Frameworks */,
				195CDE552D04BE9B00F4E7B9 /* Resources */,
				990044FFDDB9AB06B139EB0F /* [CP] Embed Pods Frameworks */,
			);
			buildRules = (
			);
			dependencies = (
			);
			fileSystemSynchronizedGroups = (
				195CDE592D04BE9B00F4E7B9 /* CryptoInfoMining */,
			);
			name = CryptoInfoMining;
			productName = CryptoInfoMining;
			productReference = 195CDE572D04BE9B00F4E7B9 /* CryptoInfoMining.app */;
			productType = "com.apple.product-type.application";
		};
		195CDE6F2D04BE9C00F4E7B9 /* CryptoInfoMiningTests */ = {
			isa = PBXNativeTarget;
			buildConfigurationList = 195CDE882D04BE9C00F4E7B9 /* Build configuration list for PBXNativeTarget "CryptoInfoMiningTests" */;
			buildPhases = (
				65A696BFC9A31AD9B282E1A3 /* [CP] Check Pods Manifest.lock */,
				195CDE6C2D04BE9C00F4E7B9 /* Sources */,
				195CDE6D2D04BE9C00F4E7B9 /* Frameworks */,
				195CDE6E2D04BE9C00F4E7B9 /* Resources */,
				BB1C75297FA141637802D026 /* [CP] Embed Pods Frameworks */,
			);
			buildRules = (
			);
			dependencies = (
				195CDE722D04BE9C00F4E7B9 /* PBXTargetDependency */,
			);
			fileSystemSynchronizedGroups = (
				195CDE732D04BE9C00F4E7B9 /* CryptoInfoMiningTests */,
			);
			name = CryptoInfoMiningTests;
			productName = CryptoInfoMiningTests;
			productReference = 195CDE702D04BE9C00F4E7B9 /* CryptoInfoMiningTests.xctest */;
			productType = "com.apple.product-type.bundle.unit-test";
		};
		195CDE792D04BE9C00F4E7B9 /* CryptoInfoMiningUITests */ = {
			isa = PBXNativeTarget;
			buildConfigurationList = 195CDE8B2D04BE9C00F4E7B9 /* Build configuration list for PBXNativeTarget "CryptoInfoMiningUITests" */;
			buildPhases = (
				A795AAC5B38DE70D23A7B734 /* [CP] Check Pods Manifest.lock */,
				195CDE762D04BE9C00F4E7B9 /* Sources */,
				195CDE772D04BE9C00F4E7B9 /* Frameworks */,
				195CDE782D04BE9C00F4E7B9 /* Resources */,
				47C59669532E575972D6B486 /* [CP] Embed Pods Frameworks */,
			);
			buildRules = (
			);
			dependencies = (
				195CDE7C2D04BE9C00F4E7B9 /* PBXTargetDependency */,
			);
			fileSystemSynchronizedGroups = (
				195CDE7D2D04BE9C00F4E7B9 /* CryptoInfoMiningUITests */,
			);
			name = CryptoInfoMiningUITests;
			productName = CryptoInfoMiningUITests;
			productReference = 195CDE7A2D04BE9C00F4E7B9 /* CryptoInfoMiningUITests.xctest */;
			productType = "com.apple.product-type.bundle.ui-testing";
		};
/* End PBXNativeTarget section */

/* Begin PBXProject section */
		195CDE4F2D04BE9B00F4E7B9 /* Project object */ = {
			isa = PBXProject;
			attributes = {
				BuildIndependentTargetsInParallel = 1;
				LastSwiftUpdateCheck = 1610;
				LastUpgradeCheck = 1610;
				TargetAttributes = {
					195CDE562D04BE9B00F4E7B9 = {
						CreatedOnToolsVersion = 16.1;
					};
					195CDE6F2D04BE9C00F4E7B9 = {
						CreatedOnToolsVersion = 16.1;
						TestTargetID = 195CDE562D04BE9B00F4E7B9;
					};
					195CDE792D04BE9C00F4E7B9 = {
						CreatedOnToolsVersion = 16.1;
						TestTargetID = 195CDE562D04BE9B00F4E7B9;
					};
				};
			};
			buildConfigurationList = 195CDE522D04BE9B00F4E7B9 /* Build configuration list for PBXProject "CryptoInfoMining" */;
			developmentRegion = en;
			hasScannedForEncodings = 0;
			knownRegions = (
				en,
				Base,
			);
			mainGroup = 195CDE4E2D04BE9B00F4E7B9;
			minimizedProjectReferenceProxies = 1;
			preferredProjectObjectVersion = 77;
			productRefGroup = 195CDE582D04BE9B00F4E7B9 /* Products */;
			projectDirPath = "";
			projectRoot = "";
			targets = (
				195CDE562D04BE9B00F4E7B9 /* CryptoInfoMining */,
				195CDE6F2D04BE9C00F4E7B9 /* CryptoInfoMiningTests */,
				195CDE792D04BE9C00F4E7B9 /* CryptoInfoMiningUITests */,
			);
		};
/* End PBXProject section */

/* Begin PBXResourcesBuildPhase section */
		195CDE552D04BE9B00F4E7B9 /* Resources */ = {
			isa = PBXResourcesBuildPhase;
			buildActionMask = 2147483647;
			files = (
				191ED2FD2D0A836F0013EB41 /* README.md in Resources */,
			);
			runOnlyForDeploymentPostprocessing = 0;
		};
		195CDE6E2D04BE9C00F4E7B9 /* Resources */ = {
			isa = PBXResourcesBuildPhase;
			buildActionMask = 2147483647;
			files = (
			);
			runOnlyForDeploymentPostprocessing = 0;
		};
		195CDE782D04BE9C00F4E7B9 /* Resources */ = {
			isa = PBXResourcesBuildPhase;
			buildActionMask = 2147483647;
			files = (
			);
			runOnlyForDeploymentPostprocessing = 0;
		};
/* End PBXResourcesBuildPhase section */

/* Begin PBXShellScriptBuildPhase section */
		3BA919C3C8B8A1BA96BB9DFF /* [CP] Check Pods Manifest.lock */ = {
			isa = PBXShellScriptBuildPhase;
			buildActionMask = 2147483647;
			files = (
			);
			inputFileListPaths = (
			);
			inputPaths = (
				"${PODS_PODFILE_DIR_PATH}/Podfile.lock",
				"${PODS_ROOT}/Manifest.lock",
			);
			name = "[CP] Check Pods Manifest.lock";
			outputFileListPaths = (
			);
			outputPaths = (
				"$(DERIVED_FILE_DIR)/Pods-CryptoInfoMining-checkManifestLockResult.txt",
			);
			runOnlyForDeploymentPostprocessing = 0;
			shellPath = /bin/sh;
			shellScript = "diff \"${PODS_PODFILE_DIR_PATH}/Podfile.lock\" \"${PODS_ROOT}/Manifest.lock\" > /dev/null\nif [ $? != 0 ] ; then\n    # print error to STDERR\n    echo \"error: The sandbox is not in sync with the Podfile.lock. Run 'pod install' or update your CocoaPods installation.\" >&2\n    exit 1\nfi\n# This output is used by Xcode 'outputs' to avoid re-running this script phase.\necho \"SUCCESS\" > \"${SCRIPT_OUTPUT_FILE_0}\"\n";
			showEnvVarsInLog = 0;
		};
		47C59669532E575972D6B486 /* [CP] Embed Pods Frameworks */ = {
			isa = PBXShellScriptBuildPhase;
			buildActionMask = 2147483647;
			files = (
			);
			inputFileListPaths = (
				"${PODS_ROOT}/Target Support Files/Pods-CryptoInfoMining-CryptoInfoMiningUITests/Pods-CryptoInfoMining-CryptoInfoMiningUITests-frameworks-${CONFIGURATION}-input-files.xcfilelist",
			);
			name = "[CP] Embed Pods Frameworks";
			outputFileListPaths = (
				"${PODS_ROOT}/Target Support Files/Pods-CryptoInfoMining-CryptoInfoMiningUITests/Pods-CryptoInfoMining-CryptoInfoMiningUITests-frameworks-${CONFIGURATION}-output-files.xcfilelist",
			);
			runOnlyForDeploymentPostprocessing = 0;
			shellPath = /bin/sh;
			shellScript = "\"${PODS_ROOT}/Target Support Files/Pods-CryptoInfoMining-CryptoInfoMiningUITests/Pods-CryptoInfoMining-CryptoInfoMiningUITests-frameworks.sh\"\n";
			showEnvVarsInLog = 0;
		};
		65A696BFC9A31AD9B282E1A3 /* [CP] Check Pods Manifest.lock */ = {
			isa = PBXShellScriptBuildPhase;
			buildActionMask = 2147483647;
			files = (
			);
			inputFileListPaths = (
			);
			inputPaths = (
				"${PODS_PODFILE_DIR_PATH}/Podfile.lock",
				"${PODS_ROOT}/Manifest.lock",
			);
			name = "[CP] Check Pods Manifest.lock";
			outputFileListPaths = (
			);
			outputPaths = (
				"$(DERIVED_FILE_DIR)/Pods-CryptoInfoMiningTests-checkManifestLockResult.txt",
			);
			runOnlyForDeploymentPostprocessing = 0;
			shellPath = /bin/sh;
			shellScript = "diff \"${PODS_PODFILE_DIR_PATH}/Podfile.lock\" \"${PODS_ROOT}/Manifest.lock\" > /dev/null\nif [ $? != 0 ] ; then\n    # print error to STDERR\n    echo \"error: The sandbox is not in sync with the Podfile.lock. Run 'pod install' or update your CocoaPods installation.\" >&2\n    exit 1\nfi\n# This output is used by Xcode 'outputs' to avoid re-running this script phase.\necho \"SUCCESS\" > \"${SCRIPT_OUTPUT_FILE_0}\"\n";
			showEnvVarsInLog = 0;
		};
		990044FFDDB9AB06B139EB0F /* [CP] Embed Pods Frameworks */ = {
			isa = PBXShellScriptBuildPhase;
			buildActionMask = 2147483647;
			files = (
			);
			inputFileListPaths = (
				"${PODS_ROOT}/Target Support Files/Pods-CryptoInfoMining/Pods-CryptoInfoMining-frameworks-${CONFIGURATION}-input-files.xcfilelist",
			);
			name = "[CP] Embed Pods Frameworks";
			outputFileListPaths = (
				"${PODS_ROOT}/Target Support Files/Pods-CryptoInfoMining/Pods-CryptoInfoMining-frameworks-${CONFIGURATION}-output-files.xcfilelist",
			);
			runOnlyForDeploymentPostprocessing = 0;
			shellPath = /bin/sh;
			shellScript = "\"${PODS_ROOT}/Target Support Files/Pods-CryptoInfoMining/Pods-CryptoInfoMining-frameworks.sh\"\n";
			showEnvVarsInLog = 0;
		};
		A795AAC5B38DE70D23A7B734 /* [CP] Check Pods Manifest.lock */ = {
			isa = PBXShellScriptBuildPhase;
			buildActionMask = 2147483647;
			files = (
			);
			inputFileListPaths = (
			);
			inputPaths = (
				"${PODS_PODFILE_DIR_PATH}/Podfile.lock",
				"${PODS_ROOT}/Manifest.lock",
			);
			name = "[CP] Check Pods Manifest.lock";
			outputFileListPaths = (
			);
			outputPaths = (
				"$(DERIVED_FILE_DIR)/Pods-CryptoInfoMining-CryptoInfoMiningUITests-checkManifestLockResult.txt",
			);
			runOnlyForDeploymentPostprocessing = 0;
			shellPath = /bin/sh;
			shellScript = "diff \"${PODS_PODFILE_DIR_PATH}/Podfile.lock\" \"${PODS_ROOT}/Manifest.lock\" > /dev/null\nif [ $? != 0 ] ; then\n    # print error to STDERR\n    echo \"error: The sandbox is not in sync with the Podfile.lock. Run 'pod install' or update your CocoaPods installation.\" >&2\n    exit 1\nfi\n# This output is used by Xcode 'outputs' to avoid re-running this script phase.\necho \"SUCCESS\" > \"${SCRIPT_OUTPUT_FILE_0}\"\n";
			showEnvVarsInLog = 0;
		};
		BB1C75297FA141637802D026 /* [CP] Embed Pods Frameworks */ = {
			isa = PBXShellScriptBuildPhase;
			buildActionMask = 2147483647;
			files = (
			);
			inputFileListPaths = (
				"${PODS_ROOT}/Target Support Files/Pods-CryptoInfoMiningTests/Pods-CryptoInfoMiningTests-frameworks-${CONFIGURATION}-input-files.xcfilelist",
			);
			name = "[CP] Embed Pods Frameworks";
			outputFileListPaths = (
				"${PODS_ROOT}/Target Support Files/Pods-CryptoInfoMiningTests/Pods-CryptoInfoMiningTests-frameworks-${CONFIGURATION}-output-files.xcfilelist",
			);
			runOnlyForDeploymentPostprocessing = 0;
			shellPath = /bin/sh;
			shellScript = "\"${PODS_ROOT}/Target Support Files/Pods-CryptoInfoMiningTests/Pods-CryptoInfoMiningTests-frameworks.sh\"\n";
			showEnvVarsInLog = 0;
		};
/* End PBXShellScriptBuildPhase section */

/* Begin PBXSourcesBuildPhase section */
		195CDE532D04BE9B00F4E7B9 /* Sources */ = {
			isa = PBXSourcesBuildPhase;
			buildActionMask = 2147483647;
			files = (
			);
			runOnlyForDeploymentPostprocessing = 0;
		};
		195CDE6C2D04BE9C00F4E7B9 /* Sources */ = {
			isa = PBXSourcesBuildPhase;
			buildActionMask = 2147483647;
			files = (
			);
			runOnlyForDeploymentPostprocessing = 0;
		};
		195CDE762D04BE9C00F4E7B9 /* Sources */ = {
			isa = PBXSourcesBuildPhase;
			buildActionMask = 2147483647;
			files = (
			);
			runOnlyForDeploymentPostprocessing = 0;
		};
/* End PBXSourcesBuildPhase section */

/* Begin PBXTargetDependency section */
		195CDE722D04BE9C00F4E7B9 /* PBXTargetDependency */ = {
			isa = PBXTargetDependency;
			target = 195CDE562D04BE9B00F4E7B9 /* CryptoInfoMining */;
			targetProxy = 195CDE712D04BE9C00F4E7B9 /* PBXContainerItemProxy */;
		};
		195CDE7C2D04BE9C00F4E7B9 /* PBXTargetDependency */ = {
			isa = PBXTargetDependency;
			target = 195CDE562D04BE9B00F4E7B9 /* CryptoInfoMining */;
			targetProxy = 195CDE7B2D04BE9C00F4E7B9 /* PBXContainerItemProxy */;
		};
/* End PBXTargetDependency section */

/* Begin XCBuildConfiguration section */
		195CDE842D04BE9C00F4E7B9 /* Debug */ = {
			isa = XCBuildConfiguration;
			baseConfigurationReference = 41444B215298B8BACDD014AE /* Pods-CryptoInfoMining.debug.xcconfig */;
			buildSettings = {
				ASSETCATALOG_COMPILER_APPICON_NAME = AppIcon;
				ASSETCATALOG_COMPILER_GLOBAL_ACCENT_COLOR_NAME = AccentColor;
				CODE_SIGN_STYLE = Automatic;
				CURRENT_PROJECT_VERSION = 1;
				GENERATE_INFOPLIST_FILE = YES;
				INFOPLIST_FILE = CryptoInfoMining/Info.plist;
				INFOPLIST_KEY_UIApplicationSupportsIndirectInputEvents = YES;
				INFOPLIST_KEY_UILaunchStoryboardName = LaunchScreen;
				INFOPLIST_KEY_UIMainStoryboardFile = Main;
				INFOPLIST_KEY_UISupportedInterfaceOrientations_iPad = "UIInterfaceOrientationPortrait UIInterfaceOrientationPortraitUpsideDown UIInterfaceOrientationLandscapeLeft UIInterfaceOrientationLandscapeRight";
				INFOPLIST_KEY_UISupportedInterfaceOrientations_iPhone = "UIInterfaceOrientationPortrait UIInterfaceOrientationLandscapeLeft UIInterfaceOrientationLandscapeRight";
				IPHONEOS_DEPLOYMENT_TARGET = 15.6;
				LD_RUNPATH_SEARCH_PATHS = (
					"$(inherited)",
					"@executable_path/Frameworks",
				);
				MARKETING_VERSION = 1.0;
				PRODUCT_BUNDLE_IDENTIFIER = com.crypto.CryptoInfoMining;
				PRODUCT_NAME = "$(TARGET_NAME)";
				SWIFT_EMIT_LOC_STRINGS = YES;
				SWIFT_VERSION = 5.0;
				TARGETED_DEVICE_FAMILY = "1,2";
			};
			name = Debug;
		};
		195CDE852D04BE9C00F4E7B9 /* Release */ = {
			isa = XCBuildConfiguration;
			baseConfigurationReference = 48AFB23BC984531DBC9F8E11 /* Pods-CryptoInfoMining.release.xcconfig */;
			buildSettings = {
				ASSETCATALOG_COMPILER_APPICON_NAME = AppIcon;
				ASSETCATALOG_COMPILER_GLOBAL_ACCENT_COLOR_NAME = AccentColor;
				CODE_SIGN_STYLE = Automatic;
				CURRENT_PROJECT_VERSION = 1;
				GENERATE_INFOPLIST_FILE = YES;
				INFOPLIST_FILE = CryptoInfoMining/Info.plist;
				INFOPLIST_KEY_UIApplicationSupportsIndirectInputEvents = YES;
				INFOPLIST_KEY_UILaunchStoryboardName = LaunchScreen;
				INFOPLIST_KEY_UIMainStoryboardFile = Main;
				INFOPLIST_KEY_UISupportedInterfaceOrientations_iPad = "UIInterfaceOrientationPortrait UIInterfaceOrientationPortraitUpsideDown UIInterfaceOrientationLandscapeLeft UIInterfaceOrientationLandscapeRight";
				INFOPLIST_KEY_UISupportedInterfaceOrientations_iPhone = "UIInterfaceOrientationPortrait UIInterfaceOrientationLandscapeLeft UIInterfaceOrientationLandscapeRight";
				IPHONEOS_DEPLOYMENT_TARGET = 15.6;
				LD_RUNPATH_SEARCH_PATHS = (
					"$(inherited)",
					"@executable_path/Frameworks",
				);
				MARKETING_VERSION = 1.0;
				PRODUCT_BUNDLE_IDENTIFIER = com.crypto.CryptoInfoMining;
				PRODUCT_NAME = "$(TARGET_NAME)";
				SWIFT_EMIT_LOC_STRINGS = YES;
				SWIFT_VERSION = 5.0;
				TARGETED_DEVICE_FAMILY = "1,2";
			};
			name = Release;
		};
		195CDE862D04BE9C00F4E7B9 /* Debug */ = {
			isa = XCBuildConfiguration;
			buildSettings = {
				ALWAYS_SEARCH_USER_PATHS = NO;
				ASSETCATALOG_COMPILER_GENERATE_SWIFT_ASSET_SYMBOL_EXTENSIONS = YES;
				CLANG_ANALYZER_NONNULL = YES;
				CLANG_ANALYZER_NUMBER_OBJECT_CONVERSION = YES_AGGRESSIVE;
				CLANG_CXX_LANGUAGE_STANDARD = "gnu++20";
				CLANG_ENABLE_MODULES = YES;
				CLANG_ENABLE_OBJC_ARC = YES;
				CLANG_ENABLE_OBJC_WEAK = YES;
				CLANG_WARN_BLOCK_CAPTURE_AUTORELEASING = YES;
				CLANG_WARN_BOOL_CONVERSION = YES;
				CLANG_WARN_COMMA = YES;
				CLANG_WARN_CONSTANT_CONVERSION = YES;
				CLANG_WARN_DEPRECATED_OBJC_IMPLEMENTATIONS = YES;
				CLANG_WARN_DIRECT_OBJC_ISA_USAGE = YES_ERROR;
				CLANG_WARN_DOCUMENTATION_COMMENTS = YES;
				CLANG_WARN_EMPTY_BODY = YES;
				CLANG_WARN_ENUM_CONVERSION = YES;
				CLANG_WARN_INFINITE_RECURSION = YES;
				CLANG_WARN_INT_CONVERSION = YES;
				CLANG_WARN_NON_LITERAL_NULL_CONVERSION = YES;
				CLANG_WARN_OBJC_IMPLICIT_RETAIN_SELF = YES;
				CLANG_WARN_OBJC_LITERAL_CONVERSION = YES;
				CLANG_WARN_OBJC_ROOT_CLASS = YES_ERROR;
				CLANG_WARN_QUOTED_INCLUDE_IN_FRAMEWORK_HEADER = YES;
				CLANG_WARN_RANGE_LOOP_ANALYSIS = YES;
				CLANG_WARN_STRICT_PROTOTYPES = YES;
				CLANG_WARN_SUSPICIOUS_MOVE = YES;
				CLANG_WARN_UNGUARDED_AVAILABILITY = YES_AGGRESSIVE;
				CLANG_WARN_UNREACHABLE_CODE = YES;
				CLANG_WARN__DUPLICATE_METHOD_MATCH = YES;
				COPY_PHASE_STRIP = NO;
				DEBUG_INFORMATION_FORMAT = dwarf;
				ENABLE_STRICT_OBJC_MSGSEND = YES;
				ENABLE_TESTABILITY = YES;
				ENABLE_USER_SCRIPT_SANDBOXING = NO;
				GCC_C_LANGUAGE_STANDARD = gnu17;
				GCC_DYNAMIC_NO_PIC = NO;
				GCC_NO_COMMON_BLOCKS = YES;
				GCC_OPTIMIZATION_LEVEL = 0;
				GCC_PREPROCESSOR_DEFINITIONS = (
					"DEBUG=1",
					"$(inherited)",
				);
				GCC_WARN_64_TO_32_BIT_CONVERSION = YES;
				GCC_WARN_ABOUT_RETURN_TYPE = YES_ERROR;
				GCC_WARN_UNDECLARED_SELECTOR = YES;
				GCC_WARN_UNINITIALIZED_AUTOS = YES_AGGRESSIVE;
				GCC_WARN_UNUSED_FUNCTION = YES;
				GCC_WARN_UNUSED_VARIABLE = YES;
				IPHONEOS_DEPLOYMENT_TARGET = 18.1;
				LOCALIZATION_PREFERS_STRING_CATALOGS = YES;
				MTL_ENABLE_DEBUG_INFO = INCLUDE_SOURCE;
				MTL_FAST_MATH = YES;
				ONLY_ACTIVE_ARCH = YES;
				SDKROOT = iphoneos;
				SWIFT_ACTIVE_COMPILATION_CONDITIONS = "DEBUG $(inherited)";
				SWIFT_OPTIMIZATION_LEVEL = "-Onone";
			};
			name = Debug;
		};
		195CDE872D04BE9C00F4E7B9 /* Release */ = {
			isa = XCBuildConfiguration;
			buildSettings = {
				ALWAYS_SEARCH_USER_PATHS = NO;
				ASSETCATALOG_COMPILER_GENERATE_SWIFT_ASSET_SYMBOL_EXTENSIONS = YES;
				CLANG_ANALYZER_NONNULL = YES;
				CLANG_ANALYZER_NUMBER_OBJECT_CONVERSION = YES_AGGRESSIVE;
				CLANG_CXX_LANGUAGE_STANDARD = "gnu++20";
				CLANG_ENABLE_MODULES = YES;
				CLANG_ENABLE_OBJC_ARC = YES;
				CLANG_ENABLE_OBJC_WEAK = YES;
				CLANG_WARN_BLOCK_CAPTURE_AUTORELEASING = YES;
				CLANG_WARN_BOOL_CONVERSION = YES;
				CLANG_WARN_COMMA = YES;
				CLANG_WARN_CONSTANT_CONVERSION = YES;
				CLANG_WARN_DEPRECATED_OBJC_IMPLEMENTATIONS = YES;
				CLANG_WARN_DIRECT_OBJC_ISA_USAGE = YES_ERROR;
				CLANG_WARN_DOCUMENTATION_COMMENTS = YES;
				CLANG_WARN_EMPTY_BODY = YES;
				CLANG_WARN_ENUM_CONVERSION = YES;
				CLANG_WARN_INFINITE_RECURSION = YES;
				CLANG_WARN_INT_CONVERSION = YES;
				CLANG_WARN_NON_LITERAL_NULL_CONVERSION = YES;
				CLANG_WARN_OBJC_IMPLICIT_RETAIN_SELF = YES;
				CLANG_WARN_OBJC_LITERAL_CONVERSION = YES;
				CLANG_WARN_OBJC_ROOT_CLASS = YES_ERROR;
				CLANG_WARN_QUOTED_INCLUDE_IN_FRAMEWORK_HEADER = YES;
				CLANG_WARN_RANGE_LOOP_ANALYSIS = YES;
				CLANG_WARN_STRICT_PROTOTYPES = YES;
				CLANG_WARN_SUSPICIOUS_MOVE = YES;
				CLANG_WARN_UNGUARDED_AVAILABILITY = YES_AGGRESSIVE;
				CLANG_WARN_UNREACHABLE_CODE = YES;
				CLANG_WARN__DUPLICATE_METHOD_MATCH = YES;
				COPY_PHASE_STRIP = NO;
				DEBUG_INFORMATION_FORMAT = "dwarf-with-dsym";
				ENABLE_NS_ASSERTIONS = NO;
				ENABLE_STRICT_OBJC_MSGSEND = YES;
				ENABLE_USER_SCRIPT_SANDBOXING = NO;
				GCC_C_LANGUAGE_STANDARD = gnu17;
				GCC_NO_COMMON_BLOCKS = YES;
				GCC_WARN_64_TO_32_BIT_CONVERSION = YES;
				GCC_WARN_ABOUT_RETURN_TYPE = YES_ERROR;
				GCC_WARN_UNDECLARED_SELECTOR = YES;
				GCC_WARN_UNINITIALIZED_AUTOS = YES_AGGRESSIVE;
				GCC_WARN_UNUSED_FUNCTION = YES;
				GCC_WARN_UNUSED_VARIABLE = YES;
				IPHONEOS_DEPLOYMENT_TARGET = 18.1;
				LOCALIZATION_PREFERS_STRING_CATALOGS = YES;
				MTL_ENABLE_DEBUG_INFO = NO;
				MTL_FAST_MATH = YES;
				SDKROOT = iphoneos;
				SWIFT_COMPILATION_MODE = wholemodule;
				VALIDATE_PRODUCT = YES;
			};
			name = Release;
		};
		195CDE892D04BE9C00F4E7B9 /* Debug */ = {
			isa = XCBuildConfiguration;
			baseConfigurationReference = A139DEE84F0B08DF28373192 /* Pods-CryptoInfoMiningTests.debug.xcconfig */;
			buildSettings = {
				BUNDLE_LOADER = "$(TEST_HOST)";
				CODE_SIGN_STYLE = Automatic;
				CURRENT_PROJECT_VERSION = 1;
				GENERATE_INFOPLIST_FILE = YES;
				IPHONEOS_DEPLOYMENT_TARGET = 18.1;
				MARKETING_VERSION = 1.0;
				PRODUCT_BUNDLE_IDENTIFIER = com.crypto.CryptoInfoMiningTests;
				PRODUCT_NAME = "$(TARGET_NAME)";
				SWIFT_EMIT_LOC_STRINGS = NO;
				SWIFT_VERSION = 5.0;
				TARGETED_DEVICE_FAMILY = "1,2";
				TEST_HOST = "$(BUILT_PRODUCTS_DIR)/CryptoInfoMining.app/$(BUNDLE_EXECUTABLE_FOLDER_PATH)/CryptoInfoMining";
			};
			name = Debug;
		};
		195CDE8A2D04BE9C00F4E7B9 /* Release */ = {
			isa = XCBuildConfiguration;
			baseConfigurationReference = DFC5F953506367B2DFAE2021 /* Pods-CryptoInfoMiningTests.release.xcconfig */;
			buildSettings = {
				BUNDLE_LOADER = "$(TEST_HOST)";
				CODE_SIGN_STYLE = Automatic;
				CURRENT_PROJECT_VERSION = 1;
				GENERATE_INFOPLIST_FILE = YES;
				IPHONEOS_DEPLOYMENT_TARGET = 18.1;
				MARKETING_VERSION = 1.0;
				PRODUCT_BUNDLE_IDENTIFIER = com.crypto.CryptoInfoMiningTests;
				PRODUCT_NAME = "$(TARGET_NAME)";
				SWIFT_EMIT_LOC_STRINGS = NO;
				SWIFT_VERSION = 5.0;
				TARGETED_DEVICE_FAMILY = "1,2";
				TEST_HOST = "$(BUILT_PRODUCTS_DIR)/CryptoInfoMining.app/$(BUNDLE_EXECUTABLE_FOLDER_PATH)/CryptoInfoMining";
			};
			name = Release;
		};
		195CDE8C2D04BE9C00F4E7B9 /* Debug */ = {
			isa = XCBuildConfiguration;
			baseConfigurationReference = A80B1BA4F916828B3042C9D7 /* Pods-CryptoInfoMining-CryptoInfoMiningUITests.debug.xcconfig */;
			buildSettings = {
				CODE_SIGN_STYLE = Automatic;
				CURRENT_PROJECT_VERSION = 1;
				GENERATE_INFOPLIST_FILE = YES;
				MARKETING_VERSION = 1.0;
				PRODUCT_BUNDLE_IDENTIFIER = com.crypto.CryptoInfoMiningUITests;
				PRODUCT_NAME = "$(TARGET_NAME)";
				SWIFT_EMIT_LOC_STRINGS = NO;
				SWIFT_VERSION = 5.0;
				TARGETED_DEVICE_FAMILY = "1,2";
				TEST_TARGET_NAME = CryptoInfoMining;
			};
			name = Debug;
		};
		195CDE8D2D04BE9C00F4E7B9 /* Release */ = {
			isa = XCBuildConfiguration;
			baseConfigurationReference = ED1AE4E7372B2D0084D0294F /* Pods-CryptoInfoMining-CryptoInfoMiningUITests.release.xcconfig */;
			buildSettings = {
				CODE_SIGN_STYLE = Automatic;
				CURRENT_PROJECT_VERSION = 1;
				GENERATE_INFOPLIST_FILE = YES;
				MARKETING_VERSION = 1.0;
				PRODUCT_BUNDLE_IDENTIFIER = com.crypto.CryptoInfoMiningUITests;
				PRODUCT_NAME = "$(TARGET_NAME)";
				SWIFT_EMIT_LOC_STRINGS = NO;
				SWIFT_VERSION = 5.0;
				TARGETED_DEVICE_FAMILY = "1,2";
				TEST_TARGET_NAME = CryptoInfoMining;
			};
			name = Release;
		};
/* End XCBuildConfiguration section */

/* Begin XCConfigurationList section */
		195CDE522D04BE9B00F4E7B9 /* Build configuration list for PBXProject "CryptoInfoMining" */ = {
			isa = XCConfigurationList;
			buildConfigurations = (
				195CDE862D04BE9C00F4E7B9 /* Debug */,
				195CDE872D04BE9C00F4E7B9 /* Release */,
			);
			defaultConfigurationIsVisible = 0;
			defaultConfigurationName = Release;
		};
		195CDE832D04BE9C00F4E7B9 /* Build configuration list for PBXNativeTarget "CryptoInfoMining" */ = {
			isa = XCConfigurationList;
			buildConfigurations = (
				195CDE842D04BE9C00F4E7B9 /* Debug */,
				195CDE852D04BE9C00F4E7B9 /* Release */,
			);
			defaultConfigurationIsVisible = 0;
			defaultConfigurationName = Release;
		};
		195CDE882D04BE9C00F4E7B9 /* Build configuration list for PBXNativeTarget "CryptoInfoMiningTests" */ = {
			isa = XCConfigurationList;
			buildConfigurations = (
				195CDE892D04BE9C00F4E7B9 /* Debug */,
				195CDE8A2D04BE9C00F4E7B9 /* Release */,
			);
			defaultConfigurationIsVisible = 0;
			defaultConfigurationName = Release;
		};
		195CDE8B2D04BE9C00F4E7B9 /* Build configuration list for PBXNativeTarget "CryptoInfoMiningUITests" */ = {
			isa = XCConfigurationList;
			buildConfigurations = (
				195CDE8C2D04BE9C00F4E7B9 /* Debug */,
				195CDE8D2D04BE9C00F4E7B9 /* Release */,
			);
			defaultConfigurationIsVisible = 0;
			defaultConfigurationName = Release;
		};
/* End XCConfigurationList section */
	};
	rootObject = 195CDE4F2D04BE9B00F4E7B9 /* Project object */;
}
