// !$*UTF8*$!
{
	archiveVersion = 1;
	classes = {
	};
	objectVersion = 77;
	objects = {

/* Begin PBXBuildFile section */
		195455DB2D08B3C1000EAB75 /* SVProgressHUD in Frameworks */ = {isa = PBXBuildFile; productRef = 195455DA2D08B3C1000EAB75 /* SVProgressHUD */; };
		195455E22D08C67B000EAB75 /* RxBlocking in Frameworks */ = {isa = PBXBuildFile; productRef = 195455E12D08C67B000EAB75 /* RxBlocking */; };
		195455E42D08C67B000EAB75 /* RxBlocking-Dynamic in Frameworks */ = {isa = PBXBuildFile; productRef = 195455E32D08C67B000EAB75 /* RxBlocking-Dynamic */; };
		195455E62D08C67B000EAB75 /* RxCocoa in Frameworks */ = {isa = PBXBuildFile; productRef = 195455E52D08C67B000EAB75 /* RxCocoa */; };
		195455E82D08C67B000EAB75 /* RxCocoa-Dynamic in Frameworks */ = {isa = PBXBuildFile; productRef = 195455E72D08C67B000EAB75 /* RxCocoa-Dynamic */; };
		195455EA2D08C67B000EAB75 /* RxRelay in Frameworks */ = {isa = PBXBuildFile; productRef = 195455E92D08C67B000EAB75 /* RxRelay */; };
		195455EC2D08C67B000EAB75 /* RxRelay-Dynamic in Frameworks */ = {isa = PBXBuildFile; productRef = 195455EB2D08C67B000EAB75 /* RxRelay-Dynamic */; };
		195455EE2D08C67B000EAB75 /* RxSwift in Frameworks */ = {isa = PBXBuildFile; productRef = 195455ED2D08C67B000EAB75 /* RxSwift */; };
		195455F02D08C67B000EAB75 /* RxSwift-Dynamic in Frameworks */ = {isa = PBXBuildFile; productRef = 195455EF2D08C67B000EAB75 /* RxSwift-Dynamic */; };
		195455F22D08C67B000EAB75 /* RxTest in Frameworks */ = {isa = PBXBuildFile; productRef = 195455F12D08C67B000EAB75 /* RxTest */; };
		195455F42D08C67B000EAB75 /* RxTest-Dynamic in Frameworks */ = {isa = PBXBuildFile; productRef = 195455F32D08C67B000EAB75 /* RxTest-Dynamic */; };
		195455F72D08CAFB000EAB75 /* Alamofire in Frameworks */ = {isa = PBXBuildFile; productRef = 195455F62D08CAFB000EAB75 /* Alamofire */; };
		195455F92D08CAFB000EAB75 /* AlamofireDynamic in Frameworks */ = {isa = PBXBuildFile; productRef = 195455F82D08CAFB000EAB75 /* AlamofireDynamic */; };
		195455FC2D08CB7D000EAB75 /* Reachability in Frameworks */ = {isa = PBXBuildFile; productRef = 195455FB2D08CB7D000EAB75 /* Reachability */; };
/* End PBXBuildFile section */

/* Begin PBXContainerItemProxy section */
		195CDE712D04BE9C00F4E7B9 /* PBXContainerItemProxy */ = {
			isa = PBXContainerItemProxy;
			containerPortal = 195CDE4F2D04BE9B00F4E7B9 /* Project object */;
			proxyType = 1;
			remoteGlobalIDString = 195CDE562D04BE9B00F4E7B9;
			remoteInfo = CryptoInfoMining;
		};
		195CDE7B2D04BE9C00F4E7B9 /* PBXContainerItemProxy */ = {
			isa = PBXContainerItemProxy;
			containerPortal = 195CDE4F2D04BE9B00F4E7B9 /* Project object */;
			proxyType = 1;
			remoteGlobalIDString = 195CDE562D04BE9B00F4E7B9;
			remoteInfo = CryptoInfoMining;
		};
/* End PBXContainerItemProxy section */

/* Begin PBXFileReference section */
		195CDE572D04BE9B00F4E7B9 /* CryptoInfoMining.app */ = {isa = PBXFileReference; explicitFileType = wrapper.application; includeInIndex = 0; path = CryptoInfoMining.app; sourceTree = BUILT_PRODUCTS_DIR; };
		195CDE702D04BE9C00F4E7B9 /* CryptoInfoMiningTests.xctest */ = {isa = PBXFileReference; explicitFileType = wrapper.cfbundle; includeInIndex = 0; path = CryptoInfoMiningTests.xctest; sourceTree = BUILT_PRODUCTS_DIR; };
		195CDE7A2D04BE9C00F4E7B9 /* CryptoInfoMiningUITests.xctest */ = {isa = PBXFileReference; explicitFileType = wrapper.cfbundle; includeInIndex = 0; path = CryptoInfoMiningUITests.xctest; sourceTree = BUILT_PRODUCTS_DIR; };
/* End PBXFileReference section */

/* Begin PBXFileSystemSynchronizedBuildFileExceptionSet section */
		195CDE822D04BE9C00F4E7B9 /* Exceptions for "CryptoInfoMining" folder in "CryptoInfoMining" target */ = {
			isa = PBXFileSystemSynchronizedBuildFileExceptionSet;
			membershipExceptions = (
				Info.plist,
			);
			target = 195CDE562D04BE9B00F4E7B9 /* CryptoInfoMining */;
		};
/* End PBXFileSystemSynchronizedBuildFileExceptionSet section */

/* Begin PBXFileSystemSynchronizedRootGroup section */
		195CDE592D04BE9B00F4E7B9 /* CryptoInfoMining */ = {
			isa = PBXFileSystemSynchronizedRootGroup;
			exceptions = (
				195CDE822D04BE9C00F4E7B9 /* Exceptions for "CryptoInfoMining" folder in "CryptoInfoMining" target */,
			);
			path = CryptoInfoMining;
			sourceTree = "<group>";
		};
		195CDE732D04BE9C00F4E7B9 /* CryptoInfoMiningTests */ = {
			isa = PBXFileSystemSynchronizedRootGroup;
			path = CryptoInfoMiningTests;
			sourceTree = "<group>";
		};
		195CDE7D2D04BE9C00F4E7B9 /* CryptoInfoMiningUITests */ = {
			isa = PBXFileSystemSynchronizedRootGroup;
			path = CryptoInfoMiningUITests;
			sourceTree = "<group>";
		};
/* End PBXFileSystemSynchronizedRootGroup section */

/* Begin PBXFrameworksBuildPhase section */
		195CDE542D04BE9B00F4E7B9 /* Frameworks */ = {
			isa = PBXFrameworksBuildPhase;
			buildActionMask = 2147483647;
			files = (
				195455F92D08CAFB000EAB75 /* AlamofireDynamic in Frameworks */,
				195455FC2D08CB7D000EAB75 /* Reachability in Frameworks */,
				195455EA2D08C67B000EAB75 /* RxRelay in Frameworks */,
				195455F02D08C67B000EAB75 /* RxSwift-Dynamic in Frameworks */,
				195455E42D08C67B000EAB75 /* RxBlocking-Dynamic in Frameworks */,
				195455E82D08C67B000EAB75 /* RxCocoa-Dynamic in Frameworks */,
				195455DB2D08B3C1000EAB75 /* SVProgressHUD in Frameworks */,
				195455F72D08CAFB000EAB75 /* Alamofire in Frameworks */,
				195455E62D08C67B000EAB75 /* RxCocoa in Frameworks */,
				195455EC2D08C67B000EAB75 /* RxRelay-Dynamic in Frameworks */,
				195455EE2D08C67B000EAB75 /* RxSwift in Frameworks */,
				195455E22D08C67B000EAB75 /* RxBlocking in Frameworks */,
			);
			runOnlyForDeploymentPostprocessing = 0;
		};
		195CDE6D2D04BE9C00F4E7B9 /* Frameworks */ = {
			isa = PBXFrameworksBuildPhase;
			buildActionMask = 2147483647;
			files = (
				195455F42D08C67B000EAB75 /* RxTest-Dynamic in Frameworks */,
				195455F22D08C67B000EAB75 /* RxTest in Frameworks */,
			);
			runOnlyForDeploymentPostprocessing = 0;
		};
		195CDE772D04BE9C00F4E7B9 /* Frameworks */ = {
			isa = PBXFrameworksBuildPhase;
			buildActionMask = 2147483647;
			files = (
			);
			runOnlyForDeploymentPostprocessing = 0;
		};
/* End PBXFrameworksBuildPhase section */

/* Begin PBXGroup section */
		195CDE4E2D04BE9B00F4E7B9 = {
			isa = PBXGroup;
			children = (
				195CDE592D04BE9B00F4E7B9 /* CryptoInfoMining */,
				195CDE732D04BE9C00F4E7B9 /* CryptoInfoMiningTests */,
				195CDE7D2D04BE9C00F4E7B9 /* CryptoInfoMiningUITests */,
				195CDE582D04BE9B00F4E7B9 /* Products */,
			);
			indentWidth = 4;
			sourceTree = "<group>";
		};
		195CDE582D04BE9B00F4E7B9 /* Products */ = {
			isa = PBXGroup;
			children = (
				195CDE572D04BE9B00F4E7B9 /* CryptoInfoMining.app */,
				195CDE702D04BE9C00F4E7B9 /* CryptoInfoMiningTests.xctest */,
				195CDE7A2D04BE9C00F4E7B9 /* CryptoInfoMiningUITests.xctest */,
			);
			name = Products;
			sourceTree = "<group>";
		};
/* End PBXGroup section */

/* Begin PBXNativeTarget section */
		195CDE562D04BE9B00F4E7B9 /* CryptoInfoMining */ = {
			isa = PBXNativeTarget;
			buildConfigurationList = 195CDE832D04BE9C00F4E7B9 /* Build configuration list for PBXNativeTarget "CryptoInfoMining" */;
			buildPhases = (
				195CDE532D04BE9B00F4E7B9 /* Sources */,
				195CDE542D04BE9B00F4E7B9 /* Frameworks */,
				195CDE552D04BE9B00F4E7B9 /* Resources */,
			);
			buildRules = (
			);
			dependencies = (
			);
			fileSystemSynchronizedGroups = (
				195CDE592D04BE9B00F4E7B9 /* CryptoInfoMining */,
			);
			name = CryptoInfoMining;
			packageProductDependencies = (
				195455DA2D08B3C1000EAB75 /* SVProgressHUD */,
				195455E12D08C67B000EAB75 /* RxBlocking */,
				195455E32D08C67B000EAB75 /* RxBlocking-Dynamic */,
				195455E52D08C67B000EAB75 /* RxCocoa */,
				195455E72D08C67B000EAB75 /* RxCocoa-Dynamic */,
				195455E92D08C67B000EAB75 /* RxRelay */,
				195455EB2D08C67B000EAB75 /* RxRelay-Dynamic */,
				195455ED2D08C67B000EAB75 /* RxSwift */,
				195455EF2D08C67B000EAB75 /* RxSwift-Dynamic */,
				195455F62D08CAFB000EAB75 /* Alamofire */,
				195455F82D08CAFB000EAB75 /* AlamofireDynamic */,
				195455FB2D08CB7D000EAB75 /* Reachability */,
			);
			productName = CryptoInfoMining;
			productReference = 195CDE572D04BE9B00F4E7B9 /* CryptoInfoMining.app */;
			productType = "com.apple.product-type.application";
		};
		195CDE6F2D04BE9C00F4E7B9 /* CryptoInfoMiningTests */ = {
			isa = PBXNativeTarget;
			buildConfigurationList = 195CDE882D04BE9C00F4E7B9 /* Build configuration list for PBXNativeTarget "CryptoInfoMiningTests" */;
			buildPhases = (
				195CDE6C2D04BE9C00F4E7B9 /* Sources */,
				195CDE6D2D04BE9C00F4E7B9 /* Frameworks */,
				195CDE6E2D04BE9C00F4E7B9 /* Resources */,
			);
			buildRules = (
			);
			dependencies = (
				195CDE722D04BE9C00F4E7B9 /* PBXTargetDependency */,
			);
			fileSystemSynchronizedGroups = (
				195CDE732D04BE9C00F4E7B9 /* CryptoInfoMiningTests */,
			);
			name = CryptoInfoMiningTests;
			packageProductDependencies = (
				195455F12D08C67B000EAB75 /* RxTest */,
				195455F32D08C67B000EAB75 /* RxTest-Dynamic */,
			);
			productName = CryptoInfoMiningTests;
			productReference = 195CDE702D04BE9C00F4E7B9 /* CryptoInfoMiningTests.xctest */;
			productType = "com.apple.product-type.bundle.unit-test";
		};
		195CDE792D04BE9C00F4E7B9 /* CryptoInfoMiningUITests */ = {
			isa = PBXNativeTarget;
			buildConfigurationList = 195CDE8B2D04BE9C00F4E7B9 /* Build configuration list for PBXNativeTarget "CryptoInfoMiningUITests" */;
			buildPhases = (
				195CDE762D04BE9C00F4E7B9 /* Sources */,
				195CDE772D04BE9C00F4E7B9 /* Frameworks */,
				195CDE782D04BE9C00F4E7B9 /* Resources */,
			);
			buildRules = (
			);
			dependencies = (
				195CDE7C2D04BE9C00F4E7B9 /* PBXTargetDependency */,
			);
			fileSystemSynchronizedGroups = (
				195CDE7D2D04BE9C00F4E7B9 /* CryptoInfoMiningUITests */,
			);
			name = CryptoInfoMiningUITests;
			packageProductDependencies = (
			);
			productName = CryptoInfoMiningUITests;
			productReference = 195CDE7A2D04BE9C00F4E7B9 /* CryptoInfoMiningUITests.xctest */;
			productType = "com.apple.product-type.bundle.ui-testing";
		};
/* End PBXNativeTarget section */

/* Begin PBXProject section */
		195CDE4F2D04BE9B00F4E7B9 /* Project object */ = {
			isa = PBXProject;
			attributes = {
				BuildIndependentTargetsInParallel = 1;
				LastSwiftUpdateCheck = 1610;
				LastUpgradeCheck = 1610;
				TargetAttributes = {
					195CDE562D04BE9B00F4E7B9 = {
						CreatedOnToolsVersion = 16.1;
					};
					195CDE6F2D04BE9C00F4E7B9 = {
						CreatedOnToolsVersion = 16.1;
						TestTargetID = 195CDE562D04BE9B00F4E7B9;
					};
					195CDE792D04BE9C00F4E7B9 = {
						CreatedOnToolsVersion = 16.1;
						TestTargetID = 195CDE562D04BE9B00F4E7B9;
					};
				};
			};
			buildConfigurationList = 195CDE522D04BE9B00F4E7B9 /* Build configuration list for PBXProject "CryptoInfoMining" */;
			developmentRegion = en;
			hasScannedForEncodings = 0;
			knownRegions = (
				en,
				Base,
			);
			mainGroup = 195CDE4E2D04BE9B00F4E7B9;
			minimizedProjectReferenceProxies = 1;
			packageReferences = (
				195455D92D08B3C1000EAB75 /* XCRemoteSwiftPackageReference "SVProgressHUD" */,
				195455E02D08C67B000EAB75 /* XCRemoteSwiftPackageReference "RxSwift" */,
				195455F52D08CAFB000EAB75 /* XCRemoteSwiftPackageReference "Alamofire" */,
				195455FA2D08CB7D000EAB75 /* XCRemoteSwiftPackageReference "Reachability.swift" */,
			);
			preferredProjectObjectVersion = 77;
			productRefGroup = 195CDE582D04BE9B00F4E7B9 /* Products */;
			projectDirPath = "";
			projectRoot = "";
			targets = (
				195CDE562D04BE9B00F4E7B9 /* CryptoInfoMining */,
				195CDE6F2D04BE9C00F4E7B9 /* CryptoInfoMiningTests */,
				195CDE792D04BE9C00F4E7B9 /* CryptoInfoMiningUITests */,
			);
		};
/* End PBXProject section */

/* Begin PBXResourcesBuildPhase section */
		195CDE552D04BE9B00F4E7B9 /* Resources */ = {
			isa = PBXResourcesBuildPhase;
			buildActionMask = 2147483647;
			files = (
			);
			runOnlyForDeploymentPostprocessing = 0;
		};
		195CDE6E2D04BE9C00F4E7B9 /* Resources */ = {
			isa = PBXResourcesBuildPhase;
			buildActionMask = 2147483647;
			files = (
			);
			runOnlyForDeploymentPostprocessing = 0;
		};
		195CDE782D04BE9C00F4E7B9 /* Resources */ = {
			isa = PBXResourcesBuildPhase;
			buildActionMask = 2147483647;
			files = (
			);
			runOnlyForDeploymentPostprocessing = 0;
		};
/* End PBXResourcesBuildPhase section */

/* Begin PBXSourcesBuildPhase section */
		195CDE532D04BE9B00F4E7B9 /* Sources */ = {
			isa = PBXSourcesBuildPhase;
			buildActionMask = 2147483647;
			files = (
			);
			runOnlyForDeploymentPostprocessing = 0;
		};
		195CDE6C2D04BE9C00F4E7B9 /* Sources */ = {
			isa = PBXSourcesBuildPhase;
			buildActionMask = 2147483647;
			files = (
			);
			runOnlyForDeploymentPostprocessing = 0;
		};
		195CDE762D04BE9C00F4E7B9 /* Sources */ = {
			isa = PBXSourcesBuildPhase;
			buildActionMask = 2147483647;
			files = (
			);
			runOnlyForDeploymentPostprocessing = 0;
		};
/* End PBXSourcesBuildPhase section */

/* Begin PBXTargetDependency section */
		195CDE722D04BE9C00F4E7B9 /* PBXTargetDependency */ = {
			isa = PBXTargetDependency;
			target = 195CDE562D04BE9B00F4E7B9 /* CryptoInfoMining */;
			targetProxy = 195CDE712D04BE9C00F4E7B9 /* PBXContainerItemProxy */;
		};
		195CDE7C2D04BE9C00F4E7B9 /* PBXTargetDependency */ = {
			isa = PBXTargetDependency;
			target = 195CDE562D04BE9B00F4E7B9 /* CryptoInfoMining */;
			targetProxy = 195CDE7B2D04BE9C00F4E7B9 /* PBXContainerItemProxy */;
		};
/* End PBXTargetDependency section */

/* Begin XCBuildConfiguration section */
		195CDE842D04BE9C00F4E7B9 /* Debug */ = {
			isa = XCBuildConfiguration;
			buildSettings = {
				ASSETCATALOG_COMPILER_APPICON_NAME = AppIcon;
				ASSETCATALOG_COMPILER_GLOBAL_ACCENT_COLOR_NAME = AccentColor;
				CODE_SIGN_STYLE = Automatic;
				CURRENT_PROJECT_VERSION = 1;
				GENERATE_INFOPLIST_FILE = YES;
				INFOPLIST_FILE = CryptoInfoMining/Info.plist;
				INFOPLIST_KEY_UIApplicationSupportsIndirectInputEvents = YES;
				INFOPLIST_KEY_UILaunchStoryboardName = LaunchScreen;
				INFOPLIST_KEY_UIMainStoryboardFile = Main;
				INFOPLIST_KEY_UISupportedInterfaceOrientations_iPad = "UIInterfaceOrientationPortrait UIInterfaceOrientationPortraitUpsideDown UIInterfaceOrientationLandscapeLeft UIInterfaceOrientationLandscapeRight";
				INFOPLIST_KEY_UISupportedInterfaceOrientations_iPhone = "UIInterfaceOrientationPortrait UIInterfaceOrientationLandscapeLeft UIInterfaceOrientationLandscapeRight";
				LD_RUNPATH_SEARCH_PATHS = (
					"$(inherited)",
					"@executable_path/Frameworks",
				);
				MARKETING_VERSION = 1.0;
				PRODUCT_BUNDLE_IDENTIFIER = com.crypto.CryptoInfoMining;
				PRODUCT_NAME = "$(TARGET_NAME)";
				SWIFT_EMIT_LOC_STRINGS = YES;
				SWIFT_VERSION = 5.0;
				TARGETED_DEVICE_FAMILY = "1,2";
			};
			name = Debug;
		};
		195CDE852D04BE9C00F4E7B9 /* Release */ = {
			isa = XCBuildConfiguration;
			buildSettings = {
				ASSETCATALOG_COMPILER_APPICON_NAME = AppIcon;
				ASSETCATALOG_COMPILER_GLOBAL_ACCENT_COLOR_NAME = AccentColor;
				CODE_SIGN_STYLE = Automatic;
				CURRENT_PROJECT_VERSION = 1;
				GENERATE_INFOPLIST_FILE = YES;
				INFOPLIST_FILE = CryptoInfoMining/Info.plist;
				INFOPLIST_KEY_UIApplicationSupportsIndirectInputEvents = YES;
				INFOPLIST_KEY_UILaunchStoryboardName = LaunchScreen;
				INFOPLIST_KEY_UIMainStoryboardFile = Main;
				INFOPLIST_KEY_UISupportedInterfaceOrientations_iPad = "UIInterfaceOrientationPortrait UIInterfaceOrientationPortraitUpsideDown UIInterfaceOrientationLandscapeLeft UIInterfaceOrientationLandscapeRight";
				INFOPLIST_KEY_UISupportedInterfaceOrientations_iPhone = "UIInterfaceOrientationPortrait UIInterfaceOrientationLandscapeLeft UIInterfaceOrientationLandscapeRight";
				LD_RUNPATH_SEARCH_PATHS = (
					"$(inherited)",
					"@executable_path/Frameworks",
				);
				MARKETING_VERSION = 1.0;
				PRODUCT_BUNDLE_IDENTIFIER = com.crypto.CryptoInfoMining;
				PRODUCT_NAME = "$(TARGET_NAME)";
				SWIFT_EMIT_LOC_STRINGS = YES;
				SWIFT_VERSION = 5.0;
				TARGETED_DEVICE_FAMILY = "1,2";
			};
			name = Release;
		};
		195CDE862D04BE9C00F4E7B9 /* Debug */ = {
			isa = XCBuildConfiguration;
			buildSettings = {
				ALWAYS_SEARCH_USER_PATHS = NO;
				ASSETCATALOG_COMPILER_GENERATE_SWIFT_ASSET_SYMBOL_EXTENSIONS = YES;
				CLANG_ANALYZER_NONNULL = YES;
				CLANG_ANALYZER_NUMBER_OBJECT_CONVERSION = YES_AGGRESSIVE;
				CLANG_CXX_LANGUAGE_STANDARD = "gnu++20";
				CLANG_ENABLE_MODULES = YES;
				CLANG_ENABLE_OBJC_ARC = YES;
				CLANG_ENABLE_OBJC_WEAK = YES;
				CLANG_WARN_BLOCK_CAPTURE_AUTORELEASING = YES;
				CLANG_WARN_BOOL_CONVERSION = YES;
				CLANG_WARN_COMMA = YES;
				CLANG_WARN_CONSTANT_CONVERSION = YES;
				CLANG_WARN_DEPRECATED_OBJC_IMPLEMENTATIONS = YES;
				CLANG_WARN_DIRECT_OBJC_ISA_USAGE = YES_ERROR;
				CLANG_WARN_DOCUMENTATION_COMMENTS = YES;
				CLANG_WARN_EMPTY_BODY = YES;
				CLANG_WARN_ENUM_CONVERSION = YES;
				CLANG_WARN_INFINITE_RECURSION = YES;
				CLANG_WARN_INT_CONVERSION = YES;
				CLANG_WARN_NON_LITERAL_NULL_CONVERSION = YES;
				CLANG_WARN_OBJC_IMPLICIT_RETAIN_SELF = YES;
				CLANG_WARN_OBJC_LITERAL_CONVERSION = YES;
				CLANG_WARN_OBJC_ROOT_CLASS = YES_ERROR;
				CLANG_WARN_QUOTED_INCLUDE_IN_FRAMEWORK_HEADER = YES;
				CLANG_WARN_RANGE_LOOP_ANALYSIS = YES;
				CLANG_WARN_STRICT_PROTOTYPES = YES;
				CLANG_WARN_SUSPICIOUS_MOVE = YES;
				CLANG_WARN_UNGUARDED_AVAILABILITY = YES_AGGRESSIVE;
				CLANG_WARN_UNREACHABLE_CODE = YES;
				CLANG_WARN__DUPLICATE_METHOD_MATCH = YES;
				COPY_PHASE_STRIP = NO;
				DEBUG_INFORMATION_FORMAT = dwarf;
				ENABLE_STRICT_OBJC_MSGSEND = YES;
				ENABLE_TESTABILITY = YES;
				ENABLE_USER_SCRIPT_SANDBOXING = YES;
				GCC_C_LANGUAGE_STANDARD = gnu17;
				GCC_DYNAMIC_NO_PIC = NO;
				GCC_NO_COMMON_BLOCKS = YES;
				GCC_OPTIMIZATION_LEVEL = 0;
				GCC_PREPROCESSOR_DEFINITIONS = (
					"DEBUG=1",
					"$(inherited)",
				);
				GCC_WARN_64_TO_32_BIT_CONVERSION = YES;
				GCC_WARN_ABOUT_RETURN_TYPE = YES_ERROR;
				GCC_WARN_UNDECLARED_SELECTOR = YES;
				GCC_WARN_UNINITIALIZED_AUTOS = YES_AGGRESSIVE;
				GCC_WARN_UNUSED_FUNCTION = YES;
				GCC_WARN_UNUSED_VARIABLE = YES;
				IPHONEOS_DEPLOYMENT_TARGET = 18.1;
				LOCALIZATION_PREFERS_STRING_CATALOGS = YES;
				MTL_ENABLE_DEBUG_INFO = INCLUDE_SOURCE;
				MTL_FAST_MATH = YES;
				ONLY_ACTIVE_ARCH = YES;
				SDKROOT = iphoneos;
				SWIFT_ACTIVE_COMPILATION_CONDITIONS = "DEBUG $(inherited)";
				SWIFT_OPTIMIZATION_LEVEL = "-Onone";
			};
			name = Debug;
		};
		195CDE872D04BE9C00F4E7B9 /* Release */ = {
			isa = XCBuildConfiguration;
			buildSettings = {
				ALWAYS_SEARCH_USER_PATHS = NO;
				ASSETCATALOG_COMPILER_GENERATE_SWIFT_ASSET_SYMBOL_EXTENSIONS = YES;
				CLANG_ANALYZER_NONNULL = YES;
				CLANG_ANALYZER_NUMBER_OBJECT_CONVERSION = YES_AGGRESSIVE;
				CLANG_CXX_LANGUAGE_STANDARD = "gnu++20";
				CLANG_ENABLE_MODULES = YES;
				CLANG_ENABLE_OBJC_ARC = YES;
				CLANG_ENABLE_OBJC_WEAK = YES;
				CLANG_WARN_BLOCK_CAPTURE_AUTORELEASING = YES;
				CLANG_WARN_BOOL_CONVERSION = YES;
				CLANG_WARN_COMMA = YES;
				CLANG_WARN_CONSTANT_CONVERSION = YES;
				CLANG_WARN_DEPRECATED_OBJC_IMPLEMENTATIONS = YES;
				CLANG_WARN_DIRECT_OBJC_ISA_USAGE = YES_ERROR;
				CLANG_WARN_DOCUMENTATION_COMMENTS = YES;
				CLANG_WARN_EMPTY_BODY = YES;
				CLANG_WARN_ENUM_CONVERSION = YES;
				CLANG_WARN_INFINITE_RECURSION = YES;
				CLANG_WARN_INT_CONVERSION = YES;
				CLANG_WARN_NON_LITERAL_NULL_CONVERSION = YES;
				CLANG_WARN_OBJC_IMPLICIT_RETAIN_SELF = YES;
				CLANG_WARN_OBJC_LITERAL_CONVERSION = YES;
				CLANG_WARN_OBJC_ROOT_CLASS = YES_ERROR;
				CLANG_WARN_QUOTED_INCLUDE_IN_FRAMEWORK_HEADER = YES;
				CLANG_WARN_RANGE_LOOP_ANALYSIS = YES;
				CLANG_WARN_STRICT_PROTOTYPES = YES;
				CLANG_WARN_SUSPICIOUS_MOVE = YES;
				CLANG_WARN_UNGUARDED_AVAILABILITY = YES_AGGRESSIVE;
				CLANG_WARN_UNREACHABLE_CODE = YES;
				CLANG_WARN__DUPLICATE_METHOD_MATCH = YES;
				COPY_PHASE_STRIP = NO;
				DEBUG_INFORMATION_FORMAT = "dwarf-with-dsym";
				ENABLE_NS_ASSERTIONS = NO;
				ENABLE_STRICT_OBJC_MSGSEND = YES;
				ENABLE_USER_SCRIPT_SANDBOXING = YES;
				GCC_C_LANGUAGE_STANDARD = gnu17;
				GCC_NO_COMMON_BLOCKS = YES;
				GCC_WARN_64_TO_32_BIT_CONVERSION = YES;
				GCC_WARN_ABOUT_RETURN_TYPE = YES_ERROR;
				GCC_WARN_UNDECLARED_SELECTOR = YES;
				GCC_WARN_UNINITIALIZED_AUTOS = YES_AGGRESSIVE;
				GCC_WARN_UNUSED_FUNCTION = YES;
				GCC_WARN_UNUSED_VARIABLE = YES;
				IPHONEOS_DEPLOYMENT_TARGET = 18.1;
				LOCALIZATION_PREFERS_STRING_CATALOGS = YES;
				MTL_ENABLE_DEBUG_INFO = NO;
				MTL_FAST_MATH = YES;
				SDKROOT = iphoneos;
				SWIFT_COMPILATION_MODE = wholemodule;
				VALIDATE_PRODUCT = YES;
			};
			name = Release;
		};
		195CDE892D04BE9C00F4E7B9 /* Debug */ = {
			isa = XCBuildConfiguration;
			buildSettings = {
				BUNDLE_LOADER = "$(TEST_HOST)";
				CODE_SIGN_STYLE = Automatic;
				CURRENT_PROJECT_VERSION = 1;
				GENERATE_INFOPLIST_FILE = YES;
				IPHONEOS_DEPLOYMENT_TARGET = 18.1;
				MARKETING_VERSION = 1.0;
				PRODUCT_BUNDLE_IDENTIFIER = com.crypto.CryptoInfoMiningTests;
				PRODUCT_NAME = "$(TARGET_NAME)";
				SWIFT_EMIT_LOC_STRINGS = NO;
				SWIFT_VERSION = 5.0;
				TARGETED_DEVICE_FAMILY = "1,2";
				TEST_HOST = "$(BUILT_PRODUCTS_DIR)/CryptoInfoMining.app/$(BUNDLE_EXECUTABLE_FOLDER_PATH)/CryptoInfoMining";
			};
			name = Debug;
		};
		195CDE8A2D04BE9C00F4E7B9 /* Release */ = {
			isa = XCBuildConfiguration;
			buildSettings = {
				BUNDLE_LOADER = "$(TEST_HOST)";
				CODE_SIGN_STYLE = Automatic;
				CURRENT_PROJECT_VERSION = 1;
				GENERATE_INFOPLIST_FILE = YES;
				IPHONEOS_DEPLOYMENT_TARGET = 18.1;
				MARKETING_VERSION = 1.0;
				PRODUCT_BUNDLE_IDENTIFIER = com.crypto.CryptoInfoMiningTests;
				PRODUCT_NAME = "$(TARGET_NAME)";
				SWIFT_EMIT_LOC_STRINGS = NO;
				SWIFT_VERSION = 5.0;
				TARGETED_DEVICE_FAMILY = "1,2";
				TEST_HOST = "$(BUILT_PRODUCTS_DIR)/CryptoInfoMining.app/$(BUNDLE_EXECUTABLE_FOLDER_PATH)/CryptoInfoMining";
			};
			name = Release;
		};
		195CDE8C2D04BE9C00F4E7B9 /* Debug */ = {
			isa = XCBuildConfiguration;
			buildSettings = {
				CODE_SIGN_STYLE = Automatic;
				CURRENT_PROJECT_VERSION = 1;
				GENERATE_INFOPLIST_FILE = YES;
				MARKETING_VERSION = 1.0;
				PRODUCT_BUNDLE_IDENTIFIER = com.crypto.CryptoInfoMiningUITests;
				PRODUCT_NAME = "$(TARGET_NAME)";
				SWIFT_EMIT_LOC_STRINGS = NO;
				SWIFT_VERSION = 5.0;
				TARGETED_DEVICE_FAMILY = "1,2";
				TEST_TARGET_NAME = CryptoInfoMining;
			};
			name = Debug;
		};
		195CDE8D2D04BE9C00F4E7B9 /* Release */ = {
			isa = XCBuildConfiguration;
			buildSettings = {
				CODE_SIGN_STYLE = Automatic;
				CURRENT_PROJECT_VERSION = 1;
				GENERATE_INFOPLIST_FILE = YES;
				MARKETING_VERSION = 1.0;
				PRODUCT_BUNDLE_IDENTIFIER = com.crypto.CryptoInfoMiningUITests;
				PRODUCT_NAME = "$(TARGET_NAME)";
				SWIFT_EMIT_LOC_STRINGS = NO;
				SWIFT_VERSION = 5.0;
				TARGETED_DEVICE_FAMILY = "1,2";
				TEST_TARGET_NAME = CryptoInfoMining;
			};
			name = Release;
		};
/* End XCBuildConfiguration section */

/* Begin XCConfigurationList section */
		195CDE522D04BE9B00F4E7B9 /* Build configuration list for PBXProject "CryptoInfoMining" */ = {
			isa = XCConfigurationList;
			buildConfigurations = (
				195CDE862D04BE9C00F4E7B9 /* Debug */,
				195CDE872D04BE9C00F4E7B9 /* Release */,
			);
			defaultConfigurationIsVisible = 0;
			defaultConfigurationName = Release;
		};
		195CDE832D04BE9C00F4E7B9 /* Build configuration list for PBXNativeTarget "CryptoInfoMining" */ = {
			isa = XCConfigurationList;
			buildConfigurations = (
				195CDE842D04BE9C00F4E7B9 /* Debug */,
				195CDE852D04BE9C00F4E7B9 /* Release */,
			);
			defaultConfigurationIsVisible = 0;
			defaultConfigurationName = Release;
		};
		195CDE882D04BE9C00F4E7B9 /* Build configuration list for PBXNativeTarget "CryptoInfoMiningTests" */ = {
			isa = XCConfigurationList;
			buildConfigurations = (
				195CDE892D04BE9C00F4E7B9 /* Debug */,
				195CDE8A2D04BE9C00F4E7B9 /* Release */,
			);
			defaultConfigurationIsVisible = 0;
			defaultConfigurationName = Release;
		};
		195CDE8B2D04BE9C00F4E7B9 /* Build configuration list for PBXNativeTarget "CryptoInfoMiningUITests" */ = {
			isa = XCConfigurationList;
			buildConfigurations = (
				195CDE8C2D04BE9C00F4E7B9 /* Debug */,
				195CDE8D2D04BE9C00F4E7B9 /* Release */,
			);
			defaultConfigurationIsVisible = 0;
			defaultConfigurationName = Release;
		};
/* End XCConfigurationList section */

/* Begin XCRemoteSwiftPackageReference section */
		195455D92D08B3C1000EAB75 /* XCRemoteSwiftPackageReference "SVProgressHUD" */ = {
			isa = XCRemoteSwiftPackageReference;
			repositoryURL = "https://github.com/SVProgressHUD/SVProgressHUD.git";
			requirement = {
				kind = upToNextMajorVersion;
				minimumVersion = 2.3.1;
			};
		};
		195455E02D08C67B000EAB75 /* XCRemoteSwiftPackageReference "RxSwift" */ = {
			isa = XCRemoteSwiftPackageReference;
			repositoryURL = "https://github.com/ReactiveX/RxSwift.git";
			requirement = {
				kind = upToNextMajorVersion;
				minimumVersion = 6.8.0;
			};
		};
		195455F52D08CAFB000EAB75 /* XCRemoteSwiftPackageReference "Alamofire" */ = {
			isa = XCRemoteSwiftPackageReference;
			repositoryURL = "https://github.com/Alamofire/Alamofire.git";
			requirement = {
				kind = upToNextMajorVersion;
				minimumVersion = 5.10.2;
			};
		};
		195455FA2D08CB7D000EAB75 /* XCRemoteSwiftPackageReference "Reachability.swift" */ = {
			isa = XCRemoteSwiftPackageReference;
			repositoryURL = "https://github.com/ashleymills/Reachability.swift.git";
			requirement = {
				branch = master;
				kind = branch;
			};
		};
/* End XCRemoteSwiftPackageReference section */

/* Begin XCSwiftPackageProductDependency section */
		195455DA2D08B3C1000EAB75 /* SVProgressHUD */ = {
			isa = XCSwiftPackageProductDependency;
			package = 195455D92D08B3C1000EAB75 /* XCRemoteSwiftPackageReference "SVProgressHUD" */;
			productName = SVProgressHUD;
		};
		195455E12D08C67B000EAB75 /* RxBlocking */ = {
			isa = XCSwiftPackageProductDependency;
			package = 195455E02D08C67B000EAB75 /* XCRemoteSwiftPackageReference "RxSwift" */;
			productName = RxBlocking;
		};
		195455E32D08C67B000EAB75 /* RxBlocking-Dynamic */ = {
			isa = XCSwiftPackageProductDependency;
			package = 195455E02D08C67B000EAB75 /* XCRemoteSwiftPackageReference "RxSwift" */;
			productName = "RxBlocking-Dynamic";
		};
		195455E52D08C67B000EAB75 /* RxCocoa */ = {
			isa = XCSwiftPackageProductDependency;
			package = 195455E02D08C67B000EAB75 /* XCRemoteSwiftPackageReference "RxSwift" */;
			productName = RxCocoa;
		};
		195455E72D08C67B000EAB75 /* RxCocoa-Dynamic */ = {
			isa = XCSwiftPackageProductDependency;
			package = 195455E02D08C67B000EAB75 /* XCRemoteSwiftPackageReference "RxSwift" */;
			productName = "RxCocoa-Dynamic";
		};
		195455E92D08C67B000EAB75 /* RxRelay */ = {
			isa = XCSwiftPackageProductDependency;
			package = 195455E02D08C67B000EAB75 /* XCRemoteSwiftPackageReference "RxSwift" */;
			productName = RxRelay;
		};
		195455EB2D08C67B000EAB75 /* RxRelay-Dynamic */ = {
			isa = XCSwiftPackageProductDependency;
			package = 195455E02D08C67B000EAB75 /* XCRemoteSwiftPackageReference "RxSwift" */;
			productName = "RxRelay-Dynamic";
		};
		195455ED2D08C67B000EAB75 /* RxSwift */ = {
			isa = XCSwiftPackageProductDependency;
			package = 195455E02D08C67B000EAB75 /* XCRemoteSwiftPackageReference "RxSwift" */;
			productName = RxSwift;
		};
		195455EF2D08C67B000EAB75 /* RxSwift-Dynamic */ = {
			isa = XCSwiftPackageProductDependency;
			package = 195455E02D08C67B000EAB75 /* XCRemoteSwiftPackageReference "RxSwift" */;
			productName = "RxSwift-Dynamic";
		};
		195455F12D08C67B000EAB75 /* RxTest */ = {
			isa = XCSwiftPackageProductDependency;
			package = 195455E02D08C67B000EAB75 /* XCRemoteSwiftPackageReference "RxSwift" */;
			productName = RxTest;
		};
		195455F32D08C67B000EAB75 /* RxTest-Dynamic */ = {
			isa = XCSwiftPackageProductDependency;
			package = 195455E02D08C67B000EAB75 /* XCRemoteSwiftPackageReference "RxSwift" */;
			productName = "RxTest-Dynamic";
		};
		195455F62D08CAFB000EAB75 /* Alamofire */ = {
			isa = XCSwiftPackageProductDependency;
			package = 195455F52D08CAFB000EAB75 /* XCRemoteSwiftPackageReference "Alamofire" */;
			productName = Alamofire;
		};
		195455F82D08CAFB000EAB75 /* AlamofireDynamic */ = {
			isa = XCSwiftPackageProductDependency;
			package = 195455F52D08CAFB000EAB75 /* XCRemoteSwiftPackageReference "Alamofire" */;
			productName = AlamofireDynamic;
		};
		195455FB2D08CB7D000EAB75 /* Reachability */ = {
			isa = XCSwiftPackageProductDependency;
			package = 195455FA2D08CB7D000EAB75 /* XCRemoteSwiftPackageReference "Reachability.swift" */;
			productName = Reachability;
		};
/* End XCSwiftPackageProductDependency section */
	};
	rootObject = 195CDE4F2D04BE9B00F4E7B9 /* Project object */;
}
